// !$*UTF8*$!
{
	archiveVersion = 1;
	classes = {
	};
	objectVersion = 56;
	objects = {

/* Begin PBXBuildFile section */
		2B34C4B22AFCAC3B001C2A0B /* LiveActivityDemoApp.swift in Sources */ = {isa = PBXBuildFile; fileRef = 2B34C4B12AFCAC3B001C2A0B /* LiveActivityDemoApp.swift */; };
		2B34C4B42AFCAC3B001C2A0B /* ContentView.swift in Sources */ = {isa = PBXBuildFile; fileRef = 2B34C4B32AFCAC3B001C2A0B /* ContentView.swift */; };
		2B34C4B62AFCAC3C001C2A0B /* Assets.xcassets in Resources */ = {isa = PBXBuildFile; fileRef = 2B34C4B52AFCAC3C001C2A0B /* Assets.xcassets */; };
		2B34C4B92AFCAC3C001C2A0B /* Preview Assets.xcassets in Resources */ = {isa = PBXBuildFile; fileRef = 2B34C4B82AFCAC3C001C2A0B /* Preview Assets.xcassets */; };
		2B34CECC2AFCE967001C2A0B /* WidgetKit.framework in Frameworks */ = {isa = PBXBuildFile; fileRef = 2B34CECB2AFCE967001C2A0B /* WidgetKit.framework */; };
		2B34CECE2AFCE967001C2A0B /* SwiftUI.framework in Frameworks */ = {isa = PBXBuildFile; fileRef = 2B34CECD2AFCE967001C2A0B /* SwiftUI.framework */; };
		2B34CED12AFCE967001C2A0B /* WidgetsExtensionBundle.swift in Sources */ = {isa = PBXBuildFile; fileRef = 2B34CED02AFCE967001C2A0B /* WidgetsExtensionBundle.swift */; };
		2B34CED32AFCE967001C2A0B /* WidgetsExtensionLiveActivity.swift in Sources */ = {isa = PBXBuildFile; fileRef = 2B34CED22AFCE967001C2A0B /* WidgetsExtensionLiveActivity.swift */; };
		2B34CED92AFCE969001C2A0B /* Assets.xcassets in Resources */ = {isa = PBXBuildFile; fileRef = 2B34CED82AFCE969001C2A0B /* Assets.xcassets */; };
		2B34CEDD2AFCE969001C2A0B /* WidgetsExtensionExtension.appex in Embed Foundation Extensions */ = {isa = PBXBuildFile; fileRef = 2B34CEC92AFCE967001C2A0B /* WidgetsExtensionExtension.appex */; settings = {ATTRIBUTES = (RemoveHeadersOnCopy, ); }; };
		2B692DCA2AFE4186000DE277 /* WidgetsExtensionAttributes.swift in Sources */ = {isa = PBXBuildFile; fileRef = 2B34CEE42AFD164E001C2A0B /* WidgetsExtensionAttributes.swift */; };
		2B692DCB2AFE418B000DE277 /* WidgetsExtensionAttributes.swift in Sources */ = {isa = PBXBuildFile; fileRef = 2B34CEE42AFD164E001C2A0B /* WidgetsExtensionAttributes.swift */; };
/* End PBXBuildFile section */

/* Begin PBXContainerItemProxy section */
		2B34CEDB2AFCE969001C2A0B /* PBXContainerItemProxy */ = {
			isa = PBXContainerItemProxy;
			containerPortal = 2B34C4A62AFCAC3B001C2A0B /* Project object */;
			proxyType = 1;
			remoteGlobalIDString = 2B34CEC82AFCE967001C2A0B;
			remoteInfo = WidgetsExtensionExtension;
		};
/* End PBXContainerItemProxy section */

/* Begin PBXCopyFilesBuildPhase section */
		2B34CEE12AFCE969001C2A0B /* Embed Foundation Extensions */ = {
			isa = PBXCopyFilesBuildPhase;
			buildActionMask = 2147483647;
			dstPath = "";
			dstSubfolderSpec = 13;
			files = (
				2B34CEDD2AFCE969001C2A0B /* WidgetsExtensionExtension.appex in Embed Foundation Extensions */,
			);
			name = "Embed Foundation Extensions";
			runOnlyForDeploymentPostprocessing = 0;
		};
/* End PBXCopyFilesBuildPhase section */

/* Begin PBXFileReference section */
		2B34C4AE2AFCAC3B001C2A0B /* LiveActivityDemo.app */ = {isa = PBXFileReference; explicitFileType = wrapper.application; includeInIndex = 0; path = LiveActivityDemo.app; sourceTree = BUILT_PRODUCTS_DIR; };
		2B34C4B12AFCAC3B001C2A0B /* LiveActivityDemoApp.swift */ = {isa = PBXFileReference; lastKnownFileType = sourcecode.swift; path = LiveActivityDemoApp.swift; sourceTree = "<group>"; };
		2B34C4B32AFCAC3B001C2A0B /* ContentView.swift */ = {isa = PBXFileReference; lastKnownFileType = sourcecode.swift; path = ContentView.swift; sourceTree = "<group>"; };
		2B34C4B52AFCAC3C001C2A0B /* Assets.xcassets */ = {isa = PBXFileReference; lastKnownFileType = folder.assetcatalog; path = Assets.xcassets; sourceTree = "<group>"; };
		2B34C4B82AFCAC3C001C2A0B /* Preview Assets.xcassets */ = {isa = PBXFileReference; lastKnownFileType = folder.assetcatalog; path = "Preview Assets.xcassets"; sourceTree = "<group>"; };
		2B34CEC92AFCE967001C2A0B /* WidgetsExtensionExtension.appex */ = {isa = PBXFileReference; explicitFileType = "wrapper.app-extension"; includeInIndex = 0; path = WidgetsExtensionExtension.appex; sourceTree = BUILT_PRODUCTS_DIR; };
		2B34CECB2AFCE967001C2A0B /* WidgetKit.framework */ = {isa = PBXFileReference; lastKnownFileType = wrapper.framework; name = WidgetKit.framework; path = System/Library/Frameworks/WidgetKit.framework; sourceTree = SDKROOT; };
		2B34CECD2AFCE967001C2A0B /* SwiftUI.framework */ = {isa = PBXFileReference; lastKnownFileType = wrapper.framework; name = SwiftUI.framework; path = System/Library/Frameworks/SwiftUI.framework; sourceTree = SDKROOT; };
		2B34CED02AFCE967001C2A0B /* WidgetsExtensionBundle.swift */ = {isa = PBXFileReference; lastKnownFileType = sourcecode.swift; path = WidgetsExtensionBundle.swift; sourceTree = "<group>"; };
		2B34CED22AFCE967001C2A0B /* WidgetsExtensionLiveActivity.swift */ = {isa = PBXFileReference; lastKnownFileType = sourcecode.swift; path = WidgetsExtensionLiveActivity.swift; sourceTree = "<group>"; };
		2B34CED82AFCE969001C2A0B /* Assets.xcassets */ = {isa = PBXFileReference; lastKnownFileType = folder.assetcatalog; path = Assets.xcassets; sourceTree = "<group>"; };
		2B34CEDA2AFCE969001C2A0B /* Info.plist */ = {isa = PBXFileReference; lastKnownFileType = text.plist.xml; path = Info.plist; sourceTree = "<group>"; };
		2B34CEE42AFD164E001C2A0B /* WidgetsExtensionAttributes.swift */ = {isa = PBXFileReference; lastKnownFileType = sourcecode.swift; path = WidgetsExtensionAttributes.swift; sourceTree = "<group>"; };
/* End PBXFileReference section */

/* Begin PBXFrameworksBuildPhase section */
		2B34C4AB2AFCAC3B001C2A0B /* Frameworks */ = {
			isa = PBXFrameworksBuildPhase;
			buildActionMask = 2147483647;
			files = (
			);
			runOnlyForDeploymentPostprocessing = 0;
		};
		2B34CEC62AFCE967001C2A0B /* Frameworks */ = {
			isa = PBXFrameworksBuildPhase;
			buildActionMask = 2147483647;
			files = (
				2B34CECE2AFCE967001C2A0B /* SwiftUI.framework in Frameworks */,
				2B34CECC2AFCE967001C2A0B /* WidgetKit.framework in Frameworks */,
			);
			runOnlyForDeploymentPostprocessing = 0;
		};
/* End PBXFrameworksBuildPhase section */

/* Begin PBXGroup section */
		2B34C4A52AFCAC3B001C2A0B = {
			isa = PBXGroup;
			children = (
				2B34C4B02AFCAC3B001C2A0B /* LiveActivityDemo */,
				2B34CECF2AFCE967001C2A0B /* WidgetsExtension */,
				2B34CECA2AFCE967001C2A0B /* Frameworks */,
				2B34C4AF2AFCAC3B001C2A0B /* Products */,
			);
			sourceTree = "<group>";
		};
		2B34C4AF2AFCAC3B001C2A0B /* Products */ = {
			isa = PBXGroup;
			children = (
				2B34C4AE2AFCAC3B001C2A0B /* LiveActivityDemo.app */,
				2B34CEC92AFCE967001C2A0B /* WidgetsExtensionExtension.appex */,
			);
			name = Products;
			sourceTree = "<group>";
		};
		2B34C4B02AFCAC3B001C2A0B /* LiveActivityDemo */ = {
			isa = PBXGroup;
			children = (
				2B34C4B12AFCAC3B001C2A0B /* LiveActivityDemoApp.swift */,
				2B34C4B32AFCAC3B001C2A0B /* ContentView.swift */,
				2B34C4B52AFCAC3C001C2A0B /* Assets.xcassets */,
				2B34C4B72AFCAC3C001C2A0B /* Preview Content */,
			);
			path = LiveActivityDemo;
			sourceTree = "<group>";
		};
		2B34C4B72AFCAC3C001C2A0B /* Preview Content */ = {
			isa = PBXGroup;
			children = (
				2B34C4B82AFCAC3C001C2A0B /* Preview Assets.xcassets */,
			);
			path = "Preview Content";
			sourceTree = "<group>";
		};
		2B34CECA2AFCE967001C2A0B /* Frameworks */ = {
			isa = PBXGroup;
			children = (
				2B34CECB2AFCE967001C2A0B /* WidgetKit.framework */,
				2B34CECD2AFCE967001C2A0B /* SwiftUI.framework */,
			);
			name = Frameworks;
			sourceTree = "<group>";
		};
		2B34CECF2AFCE967001C2A0B /* WidgetsExtension */ = {
			isa = PBXGroup;
			children = (
				2B34CED02AFCE967001C2A0B /* WidgetsExtensionBundle.swift */,
				2B34CEE42AFD164E001C2A0B /* WidgetsExtensionAttributes.swift */,
				2B34CED22AFCE967001C2A0B /* WidgetsExtensionLiveActivity.swift */,
				2B34CED82AFCE969001C2A0B /* Assets.xcassets */,
				2B34CEDA2AFCE969001C2A0B /* Info.plist */,
			);
			path = WidgetsExtension;
			sourceTree = "<group>";
		};
/* End PBXGroup section */

/* Begin PBXNativeTarget section */
		2B34C4AD2AFCAC3B001C2A0B /* LiveActivityDemo */ = {
			isa = PBXNativeTarget;
			buildConfigurationList = 2B34C4BC2AFCAC3C001C2A0B /* Build configuration list for PBXNativeTarget "LiveActivityDemo" */;
			buildPhases = (
				2B34C4AA2AFCAC3B001C2A0B /* Sources */,
				2B34C4AB2AFCAC3B001C2A0B /* Frameworks */,
				2B34C4AC2AFCAC3B001C2A0B /* Resources */,
				2B34CEE12AFCE969001C2A0B /* Embed Foundation Extensions */,
			);
			buildRules = (
			);
			dependencies = (
				2B34CEDC2AFCE969001C2A0B /* PBXTargetDependency */,
			);
			name = LiveActivityDemo;
			productName = LiveActivityDemo;
			productReference = 2B34C4AE2AFCAC3B001C2A0B /* LiveActivityDemo.app */;
			productType = "com.apple.product-type.application";
		};
		2B34CEC82AFCE967001C2A0B /* WidgetsExtensionExtension */ = {
			isa = PBXNativeTarget;
			buildConfigurationList = 2B34CEDE2AFCE969001C2A0B /* Build configuration list for PBXNativeTarget "WidgetsExtensionExtension" */;
			buildPhases = (
				2B34CEC52AFCE967001C2A0B /* Sources */,
				2B34CEC62AFCE967001C2A0B /* Frameworks */,
				2B34CEC72AFCE967001C2A0B /* Resources */,
			);
			buildRules = (
			);
			dependencies = (
			);
			name = WidgetsExtensionExtension;
			productName = WidgetsExtensionExtension;
			productReference = 2B34CEC92AFCE967001C2A0B /* WidgetsExtensionExtension.appex */;
			productType = "com.apple.product-type.app-extension";
		};
/* End PBXNativeTarget section */

/* Begin PBXProject section */
		2B34C4A62AFCAC3B001C2A0B /* Project object */ = {
			isa = PBXProject;
			attributes = {
				BuildIndependentTargetsInParallel = 1;
				LastSwiftUpdateCheck = 1500;
				LastUpgradeCheck = 1500;
				TargetAttributes = {
					2B34C4AD2AFCAC3B001C2A0B = {
						CreatedOnToolsVersion = 15.0;
					};
					2B34CEC82AFCE967001C2A0B = {
						CreatedOnToolsVersion = 15.0;
					};
				};
			};
			buildConfigurationList = 2B34C4A92AFCAC3B001C2A0B /* Build configuration list for PBXProject "LiveActivityDemo" */;
			compatibilityVersion = "Xcode 14.0";
			developmentRegion = en;
			hasScannedForEncodings = 0;
			knownRegions = (
				en,
				Base,
			);
			mainGroup = 2B34C4A52AFCAC3B001C2A0B;
			productRefGroup = 2B34C4AF2AFCAC3B001C2A0B /* Products */;
			projectDirPath = "";
			projectRoot = "";
			targets = (
				2B34C4AD2AFCAC3B001C2A0B /* LiveActivityDemo */,
				2B34CEC82AFCE967001C2A0B /* WidgetsExtensionExtension */,
			);
		};
/* End PBXProject section */

/* Begin PBXResourcesBuildPhase section */
		2B34C4AC2AFCAC3B001C2A0B /* Resources */ = {
			isa = PBXResourcesBuildPhase;
			buildActionMask = 2147483647;
			files = (
				2B34C4B92AFCAC3C001C2A0B /* Preview Assets.xcassets in Resources */,
				2B34C4B62AFCAC3C001C2A0B /* Assets.xcassets in Resources */,
			);
			runOnlyForDeploymentPostprocessing = 0;
		};
		2B34CEC72AFCE967001C2A0B /* Resources */ = {
			isa = PBXResourcesBuildPhase;
			buildActionMask = 2147483647;
			files = (
				2B34CED92AFCE969001C2A0B /* Assets.xcassets in Resources */,
			);
			runOnlyForDeploymentPostprocessing = 0;
		};
/* End PBXResourcesBuildPhase section */

/* Begin PBXSourcesBuildPhase section */
		2B34C4AA2AFCAC3B001C2A0B /* Sources */ = {
			isa = PBXSourcesBuildPhase;
			buildActionMask = 2147483647;
			files = (
				2B692DCB2AFE418B000DE277 /* WidgetsExtensionAttributes.swift in Sources */,
				2B34C4B42AFCAC3B001C2A0B /* ContentView.swift in Sources */,
				2B34C4B22AFCAC3B001C2A0B /* LiveActivityDemoApp.swift in Sources */,
			);
			runOnlyForDeploymentPostprocessing = 0;
		};
		2B34CEC52AFCE967001C2A0B /* Sources */ = {
			isa = PBXSourcesBuildPhase;
			buildActionMask = 2147483647;
			files = (
				2B34CED32AFCE967001C2A0B /* WidgetsExtensionLiveActivity.swift in Sources */,
				2B692DCA2AFE4186000DE277 /* WidgetsExtensionAttributes.swift in Sources */,
				2B34CED12AFCE967001C2A0B /* WidgetsExtensionBundle.swift in Sources */,
			);
			runOnlyForDeploymentPostprocessing = 0;
		};
/* End PBXSourcesBuildPhase section */

/* Begin PBXTargetDependency section */
		2B34CEDC2AFCE969001C2A0B /* PBXTargetDependency */ = {
			isa = PBXTargetDependency;
			target = 2B34CEC82AFCE967001C2A0B /* WidgetsExtensionExtension */;
			targetProxy = 2B34CEDB2AFCE969001C2A0B /* PBXContainerItemProxy */;
		};
/* End PBXTargetDependency section */

/* Begin XCBuildConfiguration section */
		2B34C4BA2AFCAC3C001C2A0B /* Debug */ = {
			isa = XCBuildConfiguration;
			buildSettings = {
				ALWAYS_SEARCH_USER_PATHS = NO;
				ASSETCATALOG_COMPILER_GENERATE_SWIFT_ASSET_SYMBOL_EXTENSIONS = YES;
				CLANG_ANALYZER_NONNULL = YES;
				CLANG_ANALYZER_NUMBER_OBJECT_CONVERSION = YES_AGGRESSIVE;
				CLANG_CXX_LANGUAGE_STANDARD = "gnu++20";
				CLANG_ENABLE_MODULES = YES;
				CLANG_ENABLE_OBJC_ARC = YES;
				CLANG_ENABLE_OBJC_WEAK = YES;
				CLANG_WARN_BLOCK_CAPTURE_AUTORELEASING = YES;
				CLANG_WARN_BOOL_CONVERSION = YES;
				CLANG_WARN_COMMA = YES;
				CLANG_WARN_CONSTANT_CONVERSION = YES;
				CLANG_WARN_DEPRECATED_OBJC_IMPLEMENTATIONS = YES;
				CLANG_WARN_DIRECT_OBJC_ISA_USAGE = YES_ERROR;
				CLANG_WARN_DOCUMENTATION_COMMENTS = YES;
				CLANG_WARN_EMPTY_BODY = YES;
				CLANG_WARN_ENUM_CONVERSION = YES;
				CLANG_WARN_INFINITE_RECURSION = YES;
				CLANG_WARN_INT_CONVERSION = YES;
				CLANG_WARN_NON_LITERAL_NULL_CONVERSION = YES;
				CLANG_WARN_OBJC_IMPLICIT_RETAIN_SELF = YES;
				CLANG_WARN_OBJC_LITERAL_CONVERSION = YES;
				CLANG_WARN_OBJC_ROOT_CLASS = YES_ERROR;
				CLANG_WARN_QUOTED_INCLUDE_IN_FRAMEWORK_HEADER = YES;
				CLANG_WARN_RANGE_LOOP_ANALYSIS = YES;
				CLANG_WARN_STRICT_PROTOTYPES = YES;
				CLANG_WARN_SUSPICIOUS_MOVE = YES;
				CLANG_WARN_UNGUARDED_AVAILABILITY = YES_AGGRESSIVE;
				CLANG_WARN_UNREACHABLE_CODE = YES;
				CLANG_WARN__DUPLICATE_METHOD_MATCH = YES;
				COPY_PHASE_STRIP = NO;
				DEBUG_INFORMATION_FORMAT = dwarf;
				ENABLE_STRICT_OBJC_MSGSEND = YES;
				ENABLE_TESTABILITY = YES;
				ENABLE_USER_SCRIPT_SANDBOXING = YES;
				GCC_C_LANGUAGE_STANDARD = gnu17;
				GCC_DYNAMIC_NO_PIC = NO;
				GCC_NO_COMMON_BLOCKS = YES;
				GCC_OPTIMIZATION_LEVEL = 0;
				GCC_PREPROCESSOR_DEFINITIONS = (
					"DEBUG=1",
					"$(inherited)",
				);
				GCC_WARN_64_TO_32_BIT_CONVERSION = YES;
				GCC_WARN_ABOUT_RETURN_TYPE = YES_ERROR;
				GCC_WARN_UNDECLARED_SELECTOR = YES;
				GCC_WARN_UNINITIALIZED_AUTOS = YES_AGGRESSIVE;
				GCC_WARN_UNUSED_FUNCTION = YES;
				GCC_WARN_UNUSED_VARIABLE = YES;
				IPHONEOS_DEPLOYMENT_TARGET = 17.0;
				LOCALIZATION_PREFERS_STRING_CATALOGS = YES;
				MTL_ENABLE_DEBUG_INFO = INCLUDE_SOURCE;
				MTL_FAST_MATH = YES;
				ONLY_ACTIVE_ARCH = YES;
				SDKROOT = iphoneos;
				SWIFT_ACTIVE_COMPILATION_CONDITIONS = "DEBUG $(inherited)";
				SWIFT_OPTIMIZATION_LEVEL = "-Onone";
			};
			name = Debug;
		};
		2B34C4BB2AFCAC3C001C2A0B /* Release */ = {
			isa = XCBuildConfiguration;
			buildSettings = {
				ALWAYS_SEARCH_USER_PATHS = NO;
				ASSETCATALOG_COMPILER_GENERATE_SWIFT_ASSET_SYMBOL_EXTENSIONS = YES;
				CLANG_ANALYZER_NONNULL = YES;
				CLANG_ANALYZER_NUMBER_OBJECT_CONVERSION = YES_AGGRESSIVE;
				CLANG_CXX_LANGUAGE_STANDARD = "gnu++20";
				CLANG_ENABLE_MODULES = YES;
				CLANG_ENABLE_OBJC_ARC = YES;
				CLANG_ENABLE_OBJC_WEAK = YES;
				CLANG_WARN_BLOCK_CAPTURE_AUTORELEASING = YES;
				CLANG_WARN_BOOL_CONVERSION = YES;
				CLANG_WARN_COMMA = YES;
				CLANG_WARN_CONSTANT_CONVERSION = YES;
				CLANG_WARN_DEPRECATED_OBJC_IMPLEMENTATIONS = YES;
				CLANG_WARN_DIRECT_OBJC_ISA_USAGE = YES_ERROR;
				CLANG_WARN_DOCUMENTATION_COMMENTS = YES;
				CLANG_WARN_EMPTY_BODY = YES;
				CLANG_WARN_ENUM_CONVERSION = YES;
				CLANG_WARN_INFINITE_RECURSION = YES;
				CLANG_WARN_INT_CONVERSION = YES;
				CLANG_WARN_NON_LITERAL_NULL_CONVERSION = YES;
				CLANG_WARN_OBJC_IMPLICIT_RETAIN_SELF = YES;
				CLANG_WARN_OBJC_LITERAL_CONVERSION = YES;
				CLANG_WARN_OBJC_ROOT_CLASS = YES_ERROR;
				CLANG_WARN_QUOTED_INCLUDE_IN_FRAMEWORK_HEADER = YES;
				CLANG_WARN_RANGE_LOOP_ANALYSIS = YES;
				CLANG_WARN_STRICT_PROTOTYPES = YES;
				CLANG_WARN_SUSPICIOUS_MOVE = YES;
				CLANG_WARN_UNGUARDED_AVAILABILITY = YES_AGGRESSIVE;
				CLANG_WARN_UNREACHABLE_CODE = YES;
				CLANG_WARN__DUPLICATE_METHOD_MATCH = YES;
				COPY_PHASE_STRIP = NO;
				DEBUG_INFORMATION_FORMAT = "dwarf-with-dsym";
				ENABLE_NS_ASSERTIONS = NO;
				ENABLE_STRICT_OBJC_MSGSEND = YES;
				ENABLE_USER_SCRIPT_SANDBOXING = YES;
				GCC_C_LANGUAGE_STANDARD = gnu17;
				GCC_NO_COMMON_BLOCKS = YES;
				GCC_WARN_64_TO_32_BIT_CONVERSION = YES;
				GCC_WARN_ABOUT_RETURN_TYPE = YES_ERROR;
				GCC_WARN_UNDECLARED_SELECTOR = YES;
				GCC_WARN_UNINITIALIZED_AUTOS = YES_AGGRESSIVE;
				GCC_WARN_UNUSED_FUNCTION = YES;
				GCC_WARN_UNUSED_VARIABLE = YES;
				IPHONEOS_DEPLOYMENT_TARGET = 17.0;
				LOCALIZATION_PREFERS_STRING_CATALOGS = YES;
				MTL_ENABLE_DEBUG_INFO = NO;
				MTL_FAST_MATH = YES;
				SDKROOT = iphoneos;
				SWIFT_COMPILATION_MODE = wholemodule;
				VALIDATE_PRODUCT = YES;
			};
			name = Release;
		};
		2B34C4BD2AFCAC3C001C2A0B /* Debug */ = {
			isa = XCBuildConfiguration;
			buildSettings = {
				ALWAYS_EMBED_SWIFT_STANDARD_LIBRARIES = YES;
				ASSETCATALOG_COMPILER_APPICON_NAME = AppIcon;
				ASSETCATALOG_COMPILER_GLOBAL_ACCENT_COLOR_NAME = AccentColor;
				CODE_SIGN_STYLE = Automatic;
				CURRENT_PROJECT_VERSION = 1;
				DEVELOPMENT_ASSET_PATHS = "\"LiveActivityDemo/Preview Content\"";
				DEVELOPMENT_TEAM = 6UF48V8A6H;
				ENABLE_PREVIEWS = YES;
				GENERATE_INFOPLIST_FILE = YES;
				INFOPLIST_KEY_CFBundleDisplayName = "";
				INFOPLIST_KEY_NSSupportsLiveActivities = YES;
				INFOPLIST_KEY_UIApplicationSceneManifest_Generation = YES;
				INFOPLIST_KEY_UIApplicationSupportsIndirectInputEvents = YES;
				INFOPLIST_KEY_UILaunchScreen_Generation = YES;
				INFOPLIST_KEY_UISupportedInterfaceOrientations_iPad = "UIInterfaceOrientationPortrait UIInterfaceOrientationPortraitUpsideDown UIInterfaceOrientationLandscapeLeft UIInterfaceOrientationLandscapeRight";
				INFOPLIST_KEY_UISupportedInterfaceOrientations_iPhone = "UIInterfaceOrientationPortrait UIInterfaceOrientationLandscapeLeft UIInterfaceOrientationLandscapeRight";
				LD_RUNPATH_SEARCH_PATHS = (
					"$(inherited)",
					"@executable_path/Frameworks",
				);
				MARKETING_VERSION = 1.0;
				PRODUCT_BUNDLE_IDENTIFIER = com.jokerhub.LiveActivityDemo;
				PRODUCT_NAME = "$(TARGET_NAME)";
				SWIFT_EMIT_LOC_STRINGS = YES;
				SWIFT_VERSION = 5.0;
				TARGETED_DEVICE_FAMILY = "1,2";
			};
			name = Debug;
		};
		2B34C4BE2AFCAC3C001C2A0B /* Release */ = {
			isa = XCBuildConfiguration;
			buildSettings = {
				ALWAYS_EMBED_SWIFT_STANDARD_LIBRARIES = YES;
				ASSETCATALOG_COMPILER_APPICON_NAME = AppIcon;
				ASSETCATALOG_COMPILER_GLOBAL_ACCENT_COLOR_NAME = AccentColor;
				CODE_SIGN_STYLE = Automatic;
				CURRENT_PROJECT_VERSION = 1;
				DEVELOPMENT_ASSET_PATHS = "\"LiveActivityDemo/Preview Content\"";
				DEVELOPMENT_TEAM = 6UF48V8A6H;
				ENABLE_PREVIEWS = YES;
				GENERATE_INFOPLIST_FILE = YES;
				INFOPLIST_KEY_CFBundleDisplayName = "";
				INFOPLIST_KEY_NSSupportsLiveActivities = YES;
				INFOPLIST_KEY_UIApplicationSceneManifest_Generation = YES;
				INFOPLIST_KEY_UIApplicationSupportsIndirectInputEvents = YES;
				INFOPLIST_KEY_UILaunchScreen_Generation = YES;
				INFOPLIST_KEY_UISupportedInterfaceOrientations_iPad = "UIInterfaceOrientationPortrait UIInterfaceOrientationPortraitUpsideDown UIInterfaceOrientationLandscapeLeft UIInterfaceOrientationLandscapeRight";
				INFOPLIST_KEY_UISupportedInterfaceOrientations_iPhone = "UIInterfaceOrientationPortrait UIInterfaceOrientationLandscapeLeft UIInterfaceOrientationLandscapeRight";
				LD_RUNPATH_SEARCH_PATHS = (
					"$(inherited)",
					"@executable_path/Frameworks",
				);
				MARKETING_VERSION = 1.0;
				PRODUCT_BUNDLE_IDENTIFIER = com.jokerhub.LiveActivityDemo;
				PRODUCT_NAME = "$(TARGET_NAME)";
				SWIFT_EMIT_LOC_STRINGS = YES;
				SWIFT_VERSION = 5.0;
				TARGETED_DEVICE_FAMILY = "1,2";
			};
			name = Release;
		};
		2B34CEDF2AFCE969001C2A0B /* Debug */ = {
			isa = XCBuildConfiguration;
			buildSettings = {
				ASSETCATALOG_COMPILER_GLOBAL_ACCENT_COLOR_NAME = AccentColor;
				ASSETCATALOG_COMPILER_WIDGET_BACKGROUND_COLOR_NAME = WidgetBackground;
				CODE_SIGN_STYLE = Automatic;
				CURRENT_PROJECT_VERSION = 1;
				DEVELOPMENT_TEAM = 6UF48V8A6H;
				GENERATE_INFOPLIST_FILE = YES;
				INFOPLIST_FILE = WidgetsExtension/Info.plist;
				INFOPLIST_KEY_CFBundleDisplayName = WidgetsExtension;
				INFOPLIST_KEY_NSHumanReadableCopyright = "";
				LD_RUNPATH_SEARCH_PATHS = (
					"$(inherited)",
					"@executable_path/Frameworks",
					"@executable_path/../../Frameworks",
				);
				MARKETING_VERSION = 1.0;
				PRODUCT_BUNDLE_IDENTIFIER = com.jokerhub.LiveActivityDemo.WidgetsExtension;
				PRODUCT_NAME = "$(TARGET_NAME)";
				SKIP_INSTALL = YES;
				SWIFT_EMIT_LOC_STRINGS = YES;
				SWIFT_VERSION = 5.0;
				TARGETED_DEVICE_FAMILY = "1,2";
			};
			name = Debug;
		};
		2B34CEE02AFCE969001C2A0B /* Release */ = {
			isa = XCBuildConfiguration;
			buildSettings = {
				ASSETCATALOG_COMPILER_GLOBAL_ACCENT_COLOR_NAME = AccentColor;
				ASSETCATALOG_COMPILER_WIDGET_BACKGROUND_COLOR_NAME = WidgetBackground;
				CODE_SIGN_STYLE = Automatic;
				CURRENT_PROJECT_VERSION = 1;
				DEVELOPMENT_TEAM = 6UF48V8A6H;
				GENERATE_INFOPLIST_FILE = YES;
				INFOPLIST_FILE = WidgetsExtension/Info.plist;
				INFOPLIST_KEY_CFBundleDisplayName = WidgetsExtension;
				INFOPLIST_KEY_NSHumanReadableCopyright = "";
				LD_RUNPATH_SEARCH_PATHS = (
					"$(inherited)",
					"@executable_path/Frameworks",
					"@executable_path/../../Frameworks",
				);
				MARKETING_VERSION = 1.0;
				PRODUCT_BUNDLE_IDENTIFIER = com.jokerhub.LiveActivityDemo.WidgetsExtension;
				PRODUCT_NAME = "$(TARGET_NAME)";
				SKIP_INSTALL = YES;
				SWIFT_EMIT_LOC_STRINGS = YES;
				SWIFT_VERSION = 5.0;
				TARGETED_DEVICE_FAMILY = "1,2";
			};
			name = Release;
		};
/* End XCBuildConfiguration section */

/* Begin XCConfigurationList section */
		2B34C4A92AFCAC3B001C2A0B /* Build configuration list for PBXProject "LiveActivityDemo" */ = {
			isa = XCConfigurationList;
			buildConfigurations = (
				2B34C4BA2AFCAC3C001C2A0B /* Debug */,
				2B34C4BB2AFCAC3C001C2A0B /* Release */,
			);
			defaultConfigurationIsVisible = 0;
			defaultConfigurationName = Release;
		};
		2B34C4BC2AFCAC3C001C2A0B /* Build configuration list for PBXNativeTarget "LiveActivityDemo" */ = {
			isa = XCConfigurationList;
			buildConfigurations = (
				2B34C4BD2AFCAC3C001C2A0B /* Debug */,
				2B34C4BE2AFCAC3C001C2A0B /* Release */,
			);
			defaultConfigurationIsVisible = 0;
			defaultConfigurationName = Release;
		};
		2B34CEDE2AFCE969001C2A0B /* Build configuration list for PBXNativeTarget "WidgetsExtensionExtension" */ = {
			isa = XCConfigurationList;
			buildConfigurations = (
				2B34CEDF2AFCE969001C2A0B /* Debug */,
				2B34CEE02AFCE969001C2A0B /* Release */,
			);
			defaultConfigurationIsVisible = 0;
			defaultConfigurationName = Release;
		};
/* End XCConfigurationList section */
	};
	rootObject = 2B34C4A62AFCAC3B001C2A0B /* Project object */;
}
